{
  "requires": true,
  "lockfileVersion": 1,
  "dependencies": {
    "ngx-webstorage": {
      "version": "4.0.1",
      "resolved": "https://registry.npmjs.org/ngx-webstorage/-/ngx-webstorage-4.0.1.tgz",
      "integrity": "sha512-itRqoT0tEoD2HX0Sq+gsBCN4I7aPh5Ew+Ctcu287f/vSnRA4vfgs4K4jPdzjo6drlnZhqjyaUObR93b6xurGww==",
      "requires": {
        "tslib": "^1.9.0"
      }
    },
    "tslib": {
      "version": "1.10.0",
      "resolved": "https://registry.npmjs.org/tslib/-/tslib-1.10.0.tgz",
      "integrity": "sha512-qOebF53frne81cf0S9B41ByenJ3/IuH8yJKngAX35CmiZySA0khhkovshKK+jGCaMnVomla7gVlIcc3EvKPbTQ=="
    }
  }
}
